// !$*UTF8*$!
{
	archiveVersion = 1;
	classes = {
	};
	objectVersion = 56;
	objects = {

/* Begin PBXBuildFile section */
		5127C1E32B3C032B007FE188 /* TouchdownApp.swift in Sources */ = {isa = PBXBuildFile; fileRef = 5127C1E22B3C032B007FE188 /* TouchdownApp.swift */; };
		5127C1E52B3C032B007FE188 /* ContentView.swift in Sources */ = {isa = PBXBuildFile; fileRef = 5127C1E42B3C032B007FE188 /* ContentView.swift */; };
		5127C1E72B3C032E007FE188 /* Assets.xcassets in Resources */ = {isa = PBXBuildFile; fileRef = 5127C1E62B3C032E007FE188 /* Assets.xcassets */; };
		5127C1EA2B3C032E007FE188 /* Preview Assets.xcassets in Resources */ = {isa = PBXBuildFile; fileRef = 5127C1E92B3C032E007FE188 /* Preview Assets.xcassets */; };
		5127C1F42B3C03CC007FE188 /* player.json in Resources */ = {isa = PBXBuildFile; fileRef = 5127C1F02B3C03CC007FE188 /* player.json */; };
		5127C1F52B3C03CC007FE188 /* product.json in Resources */ = {isa = PBXBuildFile; fileRef = 5127C1F12B3C03CC007FE188 /* product.json */; };
		5127C1F62B3C03CC007FE188 /* category.json in Resources */ = {isa = PBXBuildFile; fileRef = 5127C1F22B3C03CC007FE188 /* category.json */; };
		5127C1F72B3C03CC007FE188 /* brand.json in Resources */ = {isa = PBXBuildFile; fileRef = 5127C1F32B3C03CC007FE188 /* brand.json */; };
		5127C2022B3C04ED007FE188 /* Constant.swift in Sources */ = {isa = PBXBuildFile; fileRef = 5127C2012B3C04ED007FE188 /* Constant.swift */; };
		5127C2042B3C058A007FE188 /* FooterView.swift in Sources */ = {isa = PBXBuildFile; fileRef = 5127C2032B3C058A007FE188 /* FooterView.swift */; };
		5127C2062B3C0893007FE188 /* NavigationBarView.swift in Sources */ = {isa = PBXBuildFile; fileRef = 5127C2052B3C0893007FE188 /* NavigationBarView.swift */; };
		5127C2082B3C0960007FE188 /* LogoView.swift in Sources */ = {isa = PBXBuildFile; fileRef = 5127C2072B3C0960007FE188 /* LogoView.swift */; };
		5127C20A2B3C0DC8007FE188 /* Extension.swift in Sources */ = {isa = PBXBuildFile; fileRef = 5127C2092B3C0DC8007FE188 /* Extension.swift */; };
		5127C20C2B3C1117007FE188 /* PlayerModel.swift in Sources */ = {isa = PBXBuildFile; fileRef = 5127C20B2B3C1117007FE188 /* PlayerModel.swift */; };
		5127C20E2B3C1217007FE188 /* FeaturedItemView.swift in Sources */ = {isa = PBXBuildFile; fileRef = 5127C20D2B3C1217007FE188 /* FeaturedItemView.swift */; };
		5127C2102B3C126A007FE188 /* FeaturedTabView.swift in Sources */ = {isa = PBXBuildFile; fileRef = 5127C20F2B3C126A007FE188 /* FeaturedTabView.swift */; };
		5127C2122B3D1D7D007FE188 /* CategoryModel.swift in Sources */ = {isa = PBXBuildFile; fileRef = 5127C2112B3D1D7D007FE188 /* CategoryModel.swift */; };
		5127C2142B3D1F00007FE188 /* CategoryItemView.swift in Sources */ = {isa = PBXBuildFile; fileRef = 5127C2132B3D1F00007FE188 /* CategoryItemView.swift */; };
		5127C2162B3D21C6007FE188 /* CategoryGridView.swift in Sources */ = {isa = PBXBuildFile; fileRef = 5127C2152B3D21C6007FE188 /* CategoryGridView.swift */; };
		5127C2182B3D229E007FE188 /* SectionView.swift in Sources */ = {isa = PBXBuildFile; fileRef = 5127C2172B3D229E007FE188 /* SectionView.swift */; };
		5127C21A2B3D3049007FE188 /* TitleView.swift in Sources */ = {isa = PBXBuildFile; fileRef = 5127C2192B3D3049007FE188 /* TitleView.swift */; };
		5127C21C2B3D3173007FE188 /* ProductModel.swift in Sources */ = {isa = PBXBuildFile; fileRef = 5127C21B2B3D3173007FE188 /* ProductModel.swift */; };
		5127C21E2B3D31E5007FE188 /* ProductItemView.swift in Sources */ = {isa = PBXBuildFile; fileRef = 5127C21D2B3D31E5007FE188 /* ProductItemView.swift */; };
		5127C2202B3D56B6007FE188 /* BrandModel.swift in Sources */ = {isa = PBXBuildFile; fileRef = 5127C21F2B3D56B6007FE188 /* BrandModel.swift */; };
		5127C2222B3D5700007FE188 /* BrandItemView.swift in Sources */ = {isa = PBXBuildFile; fileRef = 5127C2212B3D5700007FE188 /* BrandItemView.swift */; };
		5127C2242B3D575F007FE188 /* BrandGridView.swift in Sources */ = {isa = PBXBuildFile; fileRef = 5127C2232B3D575F007FE188 /* BrandGridView.swift */; };
		5127C2262B3D5DCF007FE188 /* ProductDetailView.swift in Sources */ = {isa = PBXBuildFile; fileRef = 5127C2252B3D5DCF007FE188 /* ProductDetailView.swift */; };
		5127C2282B3D5E7F007FE188 /* NavigationBarDetailView.swift in Sources */ = {isa = PBXBuildFile; fileRef = 5127C2272B3D5E7F007FE188 /* NavigationBarDetailView.swift */; };
		5127C22A2B3D5F18007FE188 /* HeaderDetailView.swift in Sources */ = {isa = PBXBuildFile; fileRef = 5127C2292B3D5F18007FE188 /* HeaderDetailView.swift */; };
		5127C22C2B3D5F83007FE188 /* TopPartDetailView.swift in Sources */ = {isa = PBXBuildFile; fileRef = 5127C22B2B3D5F83007FE188 /* TopPartDetailView.swift */; };
		5127C22E2B3D6991007FE188 /* CustomShape.swift in Sources */ = {isa = PBXBuildFile; fileRef = 5127C22D2B3D6991007FE188 /* CustomShape.swift */; };
		5127C2302B3D6B47007FE188 /* RatingsSizesDetailView.swift in Sources */ = {isa = PBXBuildFile; fileRef = 5127C22F2B3D6B47007FE188 /* RatingsSizesDetailView.swift */; };
		5127C2322B3D6CE8007FE188 /* QuantityFavouriteDetailView.swift in Sources */ = {isa = PBXBuildFile; fileRef = 5127C2312B3D6CE8007FE188 /* QuantityFavouriteDetailView.swift */; };
		5127C2342B3D6DE4007FE188 /* AddToCartDetailView.swift in Sources */ = {isa = PBXBuildFile; fileRef = 5127C2332B3D6DE4007FE188 /* AddToCartDetailView.swift */; };
		5127C2362B3D73F6007FE188 /* Shop.swift in Sources */ = {isa = PBXBuildFile; fileRef = 5127C2352B3D73F6007FE188 /* Shop.swift */; };
/* End PBXBuildFile section */

/* Begin PBXFileReference section */
		5127C1DF2B3C032B007FE188 /* Touchdown.app */ = {isa = PBXFileReference; explicitFileType = wrapper.application; includeInIndex = 0; path = Touchdown.app; sourceTree = BUILT_PRODUCTS_DIR; };
		5127C1E22B3C032B007FE188 /* TouchdownApp.swift */ = {isa = PBXFileReference; lastKnownFileType = sourcecode.swift; path = TouchdownApp.swift; sourceTree = "<group>"; };
		5127C1E42B3C032B007FE188 /* ContentView.swift */ = {isa = PBXFileReference; lastKnownFileType = sourcecode.swift; path = ContentView.swift; sourceTree = "<group>"; };
		5127C1E62B3C032E007FE188 /* Assets.xcassets */ = {isa = PBXFileReference; lastKnownFileType = folder.assetcatalog; path = Assets.xcassets; sourceTree = "<group>"; };
		5127C1E92B3C032E007FE188 /* Preview Assets.xcassets */ = {isa = PBXFileReference; lastKnownFileType = folder.assetcatalog; path = "Preview Assets.xcassets"; sourceTree = "<group>"; };
		5127C1F02B3C03CC007FE188 /* player.json */ = {isa = PBXFileReference; fileEncoding = 4; lastKnownFileType = text.json; path = player.json; sourceTree = "<group>"; };
		5127C1F12B3C03CC007FE188 /* product.json */ = {isa = PBXFileReference; fileEncoding = 4; lastKnownFileType = text.json; path = product.json; sourceTree = "<group>"; };
		5127C1F22B3C03CC007FE188 /* category.json */ = {isa = PBXFileReference; fileEncoding = 4; lastKnownFileType = text.json; path = category.json; sourceTree = "<group>"; };
		5127C1F32B3C03CC007FE188 /* brand.json */ = {isa = PBXFileReference; fileEncoding = 4; lastKnownFileType = text.json; path = brand.json; sourceTree = "<group>"; };
		5127C1F92B3C043B007FE188 /* Info.plist */ = {isa = PBXFileReference; lastKnownFileType = text.plist; path = Info.plist; sourceTree = "<group>"; };
		5127C2012B3C04ED007FE188 /* Constant.swift */ = {isa = PBXFileReference; lastKnownFileType = sourcecode.swift; path = Constant.swift; sourceTree = "<group>"; };
		5127C2032B3C058A007FE188 /* FooterView.swift */ = {isa = PBXFileReference; lastKnownFileType = sourcecode.swift; path = FooterView.swift; sourceTree = "<group>"; };
		5127C2052B3C0893007FE188 /* NavigationBarView.swift */ = {isa = PBXFileReference; lastKnownFileType = sourcecode.swift; path = NavigationBarView.swift; sourceTree = "<group>"; };
		5127C2072B3C0960007FE188 /* LogoView.swift */ = {isa = PBXFileReference; lastKnownFileType = sourcecode.swift; path = LogoView.swift; sourceTree = "<group>"; };
		5127C2092B3C0DC8007FE188 /* Extension.swift */ = {isa = PBXFileReference; lastKnownFileType = sourcecode.swift; path = Extension.swift; sourceTree = "<group>"; };
		5127C20B2B3C1117007FE188 /* PlayerModel.swift */ = {isa = PBXFileReference; lastKnownFileType = sourcecode.swift; path = PlayerModel.swift; sourceTree = "<group>"; };
		5127C20D2B3C1217007FE188 /* FeaturedItemView.swift */ = {isa = PBXFileReference; lastKnownFileType = sourcecode.swift; path = FeaturedItemView.swift; sourceTree = "<group>"; };
		5127C20F2B3C126A007FE188 /* FeaturedTabView.swift */ = {isa = PBXFileReference; lastKnownFileType = sourcecode.swift; path = FeaturedTabView.swift; sourceTree = "<group>"; };
		5127C2112B3D1D7D007FE188 /* CategoryModel.swift */ = {isa = PBXFileReference; lastKnownFileType = sourcecode.swift; path = CategoryModel.swift; sourceTree = "<group>"; };
		5127C2132B3D1F00007FE188 /* CategoryItemView.swift */ = {isa = PBXFileReference; lastKnownFileType = sourcecode.swift; path = CategoryItemView.swift; sourceTree = "<group>"; };
		5127C2152B3D21C6007FE188 /* CategoryGridView.swift */ = {isa = PBXFileReference; lastKnownFileType = sourcecode.swift; path = CategoryGridView.swift; sourceTree = "<group>"; };
		5127C2172B3D229E007FE188 /* SectionView.swift */ = {isa = PBXFileReference; lastKnownFileType = sourcecode.swift; path = SectionView.swift; sourceTree = "<group>"; };
		5127C2192B3D3049007FE188 /* TitleView.swift */ = {isa = PBXFileReference; lastKnownFileType = sourcecode.swift; path = TitleView.swift; sourceTree = "<group>"; };
		5127C21B2B3D3173007FE188 /* ProductModel.swift */ = {isa = PBXFileReference; lastKnownFileType = sourcecode.swift; path = ProductModel.swift; sourceTree = "<group>"; };
		5127C21D2B3D31E5007FE188 /* ProductItemView.swift */ = {isa = PBXFileReference; lastKnownFileType = sourcecode.swift; path = ProductItemView.swift; sourceTree = "<group>"; };
		5127C21F2B3D56B6007FE188 /* BrandModel.swift */ = {isa = PBXFileReference; lastKnownFileType = sourcecode.swift; path = BrandModel.swift; sourceTree = "<group>"; };
		5127C2212B3D5700007FE188 /* BrandItemView.swift */ = {isa = PBXFileReference; lastKnownFileType = sourcecode.swift; path = BrandItemView.swift; sourceTree = "<group>"; };
		5127C2232B3D575F007FE188 /* BrandGridView.swift */ = {isa = PBXFileReference; lastKnownFileType = sourcecode.swift; path = BrandGridView.swift; sourceTree = "<group>"; };
		5127C2252B3D5DCF007FE188 /* ProductDetailView.swift */ = {isa = PBXFileReference; lastKnownFileType = sourcecode.swift; path = ProductDetailView.swift; sourceTree = "<group>"; };
		5127C2272B3D5E7F007FE188 /* NavigationBarDetailView.swift */ = {isa = PBXFileReference; lastKnownFileType = sourcecode.swift; path = NavigationBarDetailView.swift; sourceTree = "<group>"; };
		5127C2292B3D5F18007FE188 /* HeaderDetailView.swift */ = {isa = PBXFileReference; lastKnownFileType = sourcecode.swift; path = HeaderDetailView.swift; sourceTree = "<group>"; };
		5127C22B2B3D5F83007FE188 /* TopPartDetailView.swift */ = {isa = PBXFileReference; lastKnownFileType = sourcecode.swift; path = TopPartDetailView.swift; sourceTree = "<group>"; };
		5127C22D2B3D6991007FE188 /* CustomShape.swift */ = {isa = PBXFileReference; lastKnownFileType = sourcecode.swift; path = CustomShape.swift; sourceTree = "<group>"; };
		5127C22F2B3D6B47007FE188 /* RatingsSizesDetailView.swift */ = {isa = PBXFileReference; lastKnownFileType = sourcecode.swift; path = RatingsSizesDetailView.swift; sourceTree = "<group>"; };
		5127C2312B3D6CE8007FE188 /* QuantityFavouriteDetailView.swift */ = {isa = PBXFileReference; lastKnownFileType = sourcecode.swift; path = QuantityFavouriteDetailView.swift; sourceTree = "<group>"; };
		5127C2332B3D6DE4007FE188 /* AddToCartDetailView.swift */ = {isa = PBXFileReference; lastKnownFileType = sourcecode.swift; path = AddToCartDetailView.swift; sourceTree = "<group>"; };
		5127C2352B3D73F6007FE188 /* Shop.swift */ = {isa = PBXFileReference; lastKnownFileType = sourcecode.swift; path = Shop.swift; sourceTree = "<group>"; };
/* End PBXFileReference section */

/* Begin PBXFrameworksBuildPhase section */
		5127C1DC2B3C032B007FE188 /* Frameworks */ = {
			isa = PBXFrameworksBuildPhase;
			buildActionMask = 2147483647;
			files = (
			);
			runOnlyForDeploymentPostprocessing = 0;
		};
/* End PBXFrameworksBuildPhase section */

/* Begin PBXGroup section */
		5127C1D62B3C032B007FE188 = {
			isa = PBXGroup;
			children = (
				5127C1E12B3C032B007FE188 /* Touchdown */,
				5127C1E02B3C032B007FE188 /* Products */,
			);
			sourceTree = "<group>";
		};
		5127C1E02B3C032B007FE188 /* Products */ = {
			isa = PBXGroup;
			children = (
				5127C1DF2B3C032B007FE188 /* Touchdown.app */,
			);
			name = Products;
			sourceTree = "<group>";
		};
		5127C1E12B3C032B007FE188 /* Touchdown */ = {
			isa = PBXGroup;
			children = (
				5127C1F92B3C043B007FE188 /* Info.plist */,
				5127C2002B3C04D1007FE188 /* Utility */,
				5127C1FF2B3C04CC007FE188 /* Extension */,
				5127C1FE2B3C04C3007FE188 /* Model */,
				5127C1FB2B3C04B5007FE188 /* View */,
				5127C1F82B3C03F9007FE188 /* Data */,
				5127C1FA2B3C04AD007FE188 /* App */,
				5127C1E62B3C032E007FE188 /* Assets.xcassets */,
				5127C1E82B3C032E007FE188 /* Preview Content */,
			);
			path = Touchdown;
			sourceTree = "<group>";
		};
		5127C1E82B3C032E007FE188 /* Preview Content */ = {
			isa = PBXGroup;
			children = (
				5127C1E92B3C032E007FE188 /* Preview Assets.xcassets */,
			);
			path = "Preview Content";
			sourceTree = "<group>";
		};
		5127C1F82B3C03F9007FE188 /* Data */ = {
			isa = PBXGroup;
			children = (
				5127C1F32B3C03CC007FE188 /* brand.json */,
				5127C1F22B3C03CC007FE188 /* category.json */,
				5127C1F02B3C03CC007FE188 /* player.json */,
				5127C1F12B3C03CC007FE188 /* product.json */,
			);
			path = Data;
			sourceTree = "<group>";
		};
		5127C1FA2B3C04AD007FE188 /* App */ = {
			isa = PBXGroup;
			children = (
				5127C1E22B3C032B007FE188 /* TouchdownApp.swift */,
				5127C1E42B3C032B007FE188 /* ContentView.swift */,
				5127C2252B3D5DCF007FE188 /* ProductDetailView.swift */,
			);
			path = App;
			sourceTree = "<group>";
		};
		5127C1FB2B3C04B5007FE188 /* View */ = {
			isa = PBXGroup;
			children = (
				5127C1FD2B3C04BD007FE188 /* Detail */,
				5127C1FC2B3C04B9007FE188 /* Home */,
			);
			path = View;
			sourceTree = "<group>";
		};
		5127C1FC2B3C04B9007FE188 /* Home */ = {
			isa = PBXGroup;
			children = (
				5127C2032B3C058A007FE188 /* FooterView.swift */,
				5127C2052B3C0893007FE188 /* NavigationBarView.swift */,
				5127C2072B3C0960007FE188 /* LogoView.swift */,
				5127C20D2B3C1217007FE188 /* FeaturedItemView.swift */,
				5127C20F2B3C126A007FE188 /* FeaturedTabView.swift */,
				5127C2132B3D1F00007FE188 /* CategoryItemView.swift */,
				5127C2152B3D21C6007FE188 /* CategoryGridView.swift */,
				5127C2172B3D229E007FE188 /* SectionView.swift */,
				5127C2192B3D3049007FE188 /* TitleView.swift */,
				5127C21D2B3D31E5007FE188 /* ProductItemView.swift */,
				5127C2212B3D5700007FE188 /* BrandItemView.swift */,
				5127C2232B3D575F007FE188 /* BrandGridView.swift */,
			);
			path = Home;
			sourceTree = "<group>";
		};
		5127C1FD2B3C04BD007FE188 /* Detail */ = {
			isa = PBXGroup;
			children = (
				5127C2272B3D5E7F007FE188 /* NavigationBarDetailView.swift */,
				5127C2292B3D5F18007FE188 /* HeaderDetailView.swift */,
				5127C22B2B3D5F83007FE188 /* TopPartDetailView.swift */,
				5127C22F2B3D6B47007FE188 /* RatingsSizesDetailView.swift */,
				5127C2312B3D6CE8007FE188 /* QuantityFavouriteDetailView.swift */,
				5127C2332B3D6DE4007FE188 /* AddToCartDetailView.swift */,
			);
			path = Detail;
			sourceTree = "<group>";
		};
		5127C1FE2B3C04C3007FE188 /* Model */ = {
			isa = PBXGroup;
			children = (
				5127C20B2B3C1117007FE188 /* PlayerModel.swift */,
				5127C2112B3D1D7D007FE188 /* CategoryModel.swift */,
				5127C21B2B3D3173007FE188 /* ProductModel.swift */,
				5127C21F2B3D56B6007FE188 /* BrandModel.swift */,
			);
			path = Model;
			sourceTree = "<group>";
		};
		5127C1FF2B3C04CC007FE188 /* Extension */ = {
			isa = PBXGroup;
			children = (
				5127C2092B3C0DC8007FE188 /* Extension.swift */,
			);
			path = Extension;
			sourceTree = "<group>";
		};
		5127C2002B3C04D1007FE188 /* Utility */ = {
			isa = PBXGroup;
			children = (
				5127C2012B3C04ED007FE188 /* Constant.swift */,
				5127C22D2B3D6991007FE188 /* CustomShape.swift */,
				5127C2352B3D73F6007FE188 /* Shop.swift */,
			);
			path = Utility;
			sourceTree = "<group>";
		};
/* End PBXGroup section */

/* Begin PBXNativeTarget section */
		5127C1DE2B3C032B007FE188 /* Touchdown */ = {
			isa = PBXNativeTarget;
			buildConfigurationList = 5127C1ED2B3C032E007FE188 /* Build configuration list for PBXNativeTarget "Touchdown" */;
			buildPhases = (
				5127C1DB2B3C032B007FE188 /* Sources */,
				5127C1DC2B3C032B007FE188 /* Frameworks */,
				5127C1DD2B3C032B007FE188 /* Resources */,
			);
			buildRules = (
			);
			dependencies = (
			);
			name = Touchdown;
			productName = Touchdown;
			productReference = 5127C1DF2B3C032B007FE188 /* Touchdown.app */;
			productType = "com.apple.product-type.application";
		};
/* End PBXNativeTarget section */

/* Begin PBXProject section */
		5127C1D72B3C032B007FE188 /* Project object */ = {
			isa = PBXProject;
			attributes = {
				BuildIndependentTargetsInParallel = 1;
				LastSwiftUpdateCheck = 1500;
				LastUpgradeCheck = 1500;
				TargetAttributes = {
					5127C1DE2B3C032B007FE188 = {
						CreatedOnToolsVersion = 15.0;
					};
				};
			};
			buildConfigurationList = 5127C1DA2B3C032B007FE188 /* Build configuration list for PBXProject "Touchdown" */;
			compatibilityVersion = "Xcode 14.0";
			developmentRegion = en;
			hasScannedForEncodings = 0;
			knownRegions = (
				en,
				Base,
			);
			mainGroup = 5127C1D62B3C032B007FE188;
			productRefGroup = 5127C1E02B3C032B007FE188 /* Products */;
			projectDirPath = "";
			projectRoot = "";
			targets = (
				5127C1DE2B3C032B007FE188 /* Touchdown */,
			);
		};
/* End PBXProject section */

/* Begin PBXResourcesBuildPhase section */
		5127C1DD2B3C032B007FE188 /* Resources */ = {
			isa = PBXResourcesBuildPhase;
			buildActionMask = 2147483647;
			files = (
				5127C1F42B3C03CC007FE188 /* player.json in Resources */,
				5127C1F52B3C03CC007FE188 /* product.json in Resources */,
				5127C1F62B3C03CC007FE188 /* category.json in Resources */,
				5127C1EA2B3C032E007FE188 /* Preview Assets.xcassets in Resources */,
				5127C1E72B3C032E007FE188 /* Assets.xcassets in Resources */,
				5127C1F72B3C03CC007FE188 /* brand.json in Resources */,
			);
			runOnlyForDeploymentPostprocessing = 0;
		};
/* End PBXResourcesBuildPhase section */

/* Begin PBXSourcesBuildPhase section */
		5127C1DB2B3C032B007FE188 /* Sources */ = {
			isa = PBXSourcesBuildPhase;
			buildActionMask = 2147483647;
			files = (
				5127C1E52B3C032B007FE188 /* ContentView.swift in Sources */,
				5127C22A2B3D5F18007FE188 /* HeaderDetailView.swift in Sources */,
				5127C22C2B3D5F83007FE188 /* TopPartDetailView.swift in Sources */,
				5127C2082B3C0960007FE188 /* LogoView.swift in Sources */,
				5127C20C2B3C1117007FE188 /* PlayerModel.swift in Sources */,
				5127C20A2B3C0DC8007FE188 /* Extension.swift in Sources */,
				5127C20E2B3C1217007FE188 /* FeaturedItemView.swift in Sources */,
				5127C21E2B3D31E5007FE188 /* ProductItemView.swift in Sources */,
				5127C2342B3D6DE4007FE188 /* AddToCartDetailView.swift in Sources */,
				5127C2242B3D575F007FE188 /* BrandGridView.swift in Sources */,
				5127C2302B3D6B47007FE188 /* RatingsSizesDetailView.swift in Sources */,
				5127C2042B3C058A007FE188 /* FooterView.swift in Sources */,
				5127C2262B3D5DCF007FE188 /* ProductDetailView.swift in Sources */,
				5127C2282B3D5E7F007FE188 /* NavigationBarDetailView.swift in Sources */,
				5127C1E32B3C032B007FE188 /* TouchdownApp.swift in Sources */,
				5127C2162B3D21C6007FE188 /* CategoryGridView.swift in Sources */,
				5127C2122B3D1D7D007FE188 /* CategoryModel.swift in Sources */,
				5127C2022B3C04ED007FE188 /* Constant.swift in Sources */,
				5127C2182B3D229E007FE188 /* SectionView.swift in Sources */,
				5127C2222B3D5700007FE188 /* BrandItemView.swift in Sources */,
				5127C2142B3D1F00007FE188 /* CategoryItemView.swift in Sources */,
				5127C2102B3C126A007FE188 /* FeaturedTabView.swift in Sources */,
				5127C22E2B3D6991007FE188 /* CustomShape.swift in Sources */,
				5127C2062B3C0893007FE188 /* NavigationBarView.swift in Sources */,
				5127C2362B3D73F6007FE188 /* Shop.swift in Sources */,
				5127C2202B3D56B6007FE188 /* BrandModel.swift in Sources */,
				5127C21A2B3D3049007FE188 /* TitleView.swift in Sources */,
				5127C2322B3D6CE8007FE188 /* QuantityFavouriteDetailView.swift in Sources */,
				5127C21C2B3D3173007FE188 /* ProductModel.swift in Sources */,
			);
			runOnlyForDeploymentPostprocessing = 0;
		};
/* End PBXSourcesBuildPhase section */

/* Begin XCBuildConfiguration section */
		5127C1EB2B3C032E007FE188 /* Debug */ = {
			isa = XCBuildConfiguration;
			buildSettings = {
				ALWAYS_SEARCH_USER_PATHS = NO;
				ASSETCATALOG_COMPILER_GENERATE_SWIFT_ASSET_SYMBOL_EXTENSIONS = YES;
				CLANG_ANALYZER_NONNULL = YES;
				CLANG_ANALYZER_NUMBER_OBJECT_CONVERSION = YES_AGGRESSIVE;
				CLANG_CXX_LANGUAGE_STANDARD = "gnu++20";
				CLANG_ENABLE_MODULES = YES;
				CLANG_ENABLE_OBJC_ARC = YES;
				CLANG_ENABLE_OBJC_WEAK = YES;
				CLANG_WARN_BLOCK_CAPTURE_AUTORELEASING = YES;
				CLANG_WARN_BOOL_CONVERSION = YES;
				CLANG_WARN_COMMA = YES;
				CLANG_WARN_CONSTANT_CONVERSION = YES;
				CLANG_WARN_DEPRECATED_OBJC_IMPLEMENTATIONS = YES;
				CLANG_WARN_DIRECT_OBJC_ISA_USAGE = YES_ERROR;
				CLANG_WARN_DOCUMENTATION_COMMENTS = YES;
				CLANG_WARN_EMPTY_BODY = YES;
				CLANG_WARN_ENUM_CONVERSION = YES;
				CLANG_WARN_INFINITE_RECURSION = YES;
				CLANG_WARN_INT_CONVERSION = YES;
				CLANG_WARN_NON_LITERAL_NULL_CONVERSION = YES;
				CLANG_WARN_OBJC_IMPLICIT_RETAIN_SELF = YES;
				CLANG_WARN_OBJC_LITERAL_CONVERSION = YES;
				CLANG_WARN_OBJC_ROOT_CLASS = YES_ERROR;
				CLANG_WARN_QUOTED_INCLUDE_IN_FRAMEWORK_HEADER = YES;
				CLANG_WARN_RANGE_LOOP_ANALYSIS = YES;
				CLANG_WARN_STRICT_PROTOTYPES = YES;
				CLANG_WARN_SUSPICIOUS_MOVE = YES;
				CLANG_WARN_UNGUARDED_AVAILABILITY = YES_AGGRESSIVE;
				CLANG_WARN_UNREACHABLE_CODE = YES;
				CLANG_WARN__DUPLICATE_METHOD_MATCH = YES;
				COPY_PHASE_STRIP = NO;
				DEBUG_INFORMATION_FORMAT = dwarf;
				ENABLE_STRICT_OBJC_MSGSEND = YES;
				ENABLE_TESTABILITY = YES;
				ENABLE_USER_SCRIPT_SANDBOXING = YES;
				GCC_C_LANGUAGE_STANDARD = gnu17;
				GCC_DYNAMIC_NO_PIC = NO;
				GCC_NO_COMMON_BLOCKS = YES;
				GCC_OPTIMIZATION_LEVEL = 0;
				GCC_PREPROCESSOR_DEFINITIONS = (
					"DEBUG=1",
					"$(inherited)",
				);
				GCC_WARN_64_TO_32_BIT_CONVERSION = YES;
				GCC_WARN_ABOUT_RETURN_TYPE = YES_ERROR;
				GCC_WARN_UNDECLARED_SELECTOR = YES;
				GCC_WARN_UNINITIALIZED_AUTOS = YES_AGGRESSIVE;
				GCC_WARN_UNUSED_FUNCTION = YES;
				GCC_WARN_UNUSED_VARIABLE = YES;
				IPHONEOS_DEPLOYMENT_TARGET = 17.0;
				LOCALIZATION_PREFERS_STRING_CATALOGS = YES;
				MTL_ENABLE_DEBUG_INFO = INCLUDE_SOURCE;
				MTL_FAST_MATH = YES;
				ONLY_ACTIVE_ARCH = YES;
				SDKROOT = iphoneos;
				SWIFT_ACTIVE_COMPILATION_CONDITIONS = "DEBUG $(inherited)";
				SWIFT_OPTIMIZATION_LEVEL = "-Onone";
			};
			name = Debug;
		};
		5127C1EC2B3C032E007FE188 /* Release */ = {
			isa = XCBuildConfiguration;
			buildSettings = {
				ALWAYS_SEARCH_USER_PATHS = NO;
				ASSETCATALOG_COMPILER_GENERATE_SWIFT_ASSET_SYMBOL_EXTENSIONS = YES;
				CLANG_ANALYZER_NONNULL = YES;
				CLANG_ANALYZER_NUMBER_OBJECT_CONVERSION = YES_AGGRESSIVE;
				CLANG_CXX_LANGUAGE_STANDARD = "gnu++20";
				CLANG_ENABLE_MODULES = YES;
				CLANG_ENABLE_OBJC_ARC = YES;
				CLANG_ENABLE_OBJC_WEAK = YES;
				CLANG_WARN_BLOCK_CAPTURE_AUTORELEASING = YES;
				CLANG_WARN_BOOL_CONVERSION = YES;
				CLANG_WARN_COMMA = YES;
				CLANG_WARN_CONSTANT_CONVERSION = YES;
				CLANG_WARN_DEPRECATED_OBJC_IMPLEMENTATIONS = YES;
				CLANG_WARN_DIRECT_OBJC_ISA_USAGE = YES_ERROR;
				CLANG_WARN_DOCUMENTATION_COMMENTS = YES;
				CLANG_WARN_EMPTY_BODY = YES;
				CLANG_WARN_ENUM_CONVERSION = YES;
				CLANG_WARN_INFINITE_RECURSION = YES;
				CLANG_WARN_INT_CONVERSION = YES;
				CLANG_WARN_NON_LITERAL_NULL_CONVERSION = YES;
				CLANG_WARN_OBJC_IMPLICIT_RETAIN_SELF = YES;
				CLANG_WARN_OBJC_LITERAL_CONVERSION = YES;
				CLANG_WARN_OBJC_ROOT_CLASS = YES_ERROR;
				CLANG_WARN_QUOTED_INCLUDE_IN_FRAMEWORK_HEADER = YES;
				CLANG_WARN_RANGE_LOOP_ANALYSIS = YES;
				CLANG_WARN_STRICT_PROTOTYPES = YES;
				CLANG_WARN_SUSPICIOUS_MOVE = YES;
				CLANG_WARN_UNGUARDED_AVAILABILITY = YES_AGGRESSIVE;
				CLANG_WARN_UNREACHABLE_CODE = YES;
				CLANG_WARN__DUPLICATE_METHOD_MATCH = YES;
				COPY_PHASE_STRIP = NO;
				DEBUG_INFORMATION_FORMAT = "dwarf-with-dsym";
				ENABLE_NS_ASSERTIONS = NO;
				ENABLE_STRICT_OBJC_MSGSEND = YES;
				ENABLE_USER_SCRIPT_SANDBOXING = YES;
				GCC_C_LANGUAGE_STANDARD = gnu17;
				GCC_NO_COMMON_BLOCKS = YES;
				GCC_WARN_64_TO_32_BIT_CONVERSION = YES;
				GCC_WARN_ABOUT_RETURN_TYPE = YES_ERROR;
				GCC_WARN_UNDECLARED_SELECTOR = YES;
				GCC_WARN_UNINITIALIZED_AUTOS = YES_AGGRESSIVE;
				GCC_WARN_UNUSED_FUNCTION = YES;
				GCC_WARN_UNUSED_VARIABLE = YES;
				IPHONEOS_DEPLOYMENT_TARGET = 17.0;
				LOCALIZATION_PREFERS_STRING_CATALOGS = YES;
				MTL_ENABLE_DEBUG_INFO = NO;
				MTL_FAST_MATH = YES;
				SDKROOT = iphoneos;
				SWIFT_COMPILATION_MODE = wholemodule;
				VALIDATE_PRODUCT = YES;
			};
			name = Release;
		};
		5127C1EE2B3C032E007FE188 /* Debug */ = {
			isa = XCBuildConfiguration;
			buildSettings = {
				ASSETCATALOG_COMPILER_APPICON_NAME = AppIcon;
				ASSETCATALOG_COMPILER_GLOBAL_ACCENT_COLOR_NAME = AccentColor;
				CODE_SIGN_STYLE = Automatic;
				CURRENT_PROJECT_VERSION = 1;
				DEVELOPMENT_ASSET_PATHS = "\"Touchdown/Preview Content\"";
				DEVELOPMENT_TEAM = SHR59DG262;
				ENABLE_PREVIEWS = YES;
				GENERATE_INFOPLIST_FILE = YES;
				INFOPLIST_FILE = Touchdown/Info.plist;
				INFOPLIST_KEY_UIApplicationSceneManifest_Generation = YES;
				INFOPLIST_KEY_UIApplicationSupportsIndirectInputEvents = YES;
				INFOPLIST_KEY_UISupportedInterfaceOrientations = UIInterfaceOrientationPortrait;
				INFOPLIST_KEY_UISupportedInterfaceOrientations_iPad = "UIInterfaceOrientationLandscapeLeft UIInterfaceOrientationLandscapeRight UIInterfaceOrientationPortrait UIInterfaceOrientationPortraitUpsideDown";
				INFOPLIST_KEY_UIUserInterfaceStyle = Light;
				LD_RUNPATH_SEARCH_PATHS = (
					"$(inherited)",
					"@executable_path/Frameworks",
				);
				MARKETING_VERSION = 1.0;
				PRODUCT_BUNDLE_IDENTIFIER = com.jonathanRicky.Touchdown;
				PRODUCT_NAME = "$(TARGET_NAME)";
				SWIFT_EMIT_LOC_STRINGS = YES;
				SWIFT_VERSION = 5.0;
				TARGETED_DEVICE_FAMILY = "1,2";
			};
			name = Debug;
		};
		5127C1EF2B3C032E007FE188 /* Release */ = {
			isa = XCBuildConfiguration;
			buildSettings = {
				ASSETCATALOG_COMPILER_APPICON_NAME = AppIcon;
				ASSETCATALOG_COMPILER_GLOBAL_ACCENT_COLOR_NAME = AccentColor;
				CODE_SIGN_STYLE = Automatic;
				CURRENT_PROJECT_VERSION = 1;
				DEVELOPMENT_ASSET_PATHS = "\"Touchdown/Preview Content\"";
				DEVELOPMENT_TEAM = SHR59DG262;
				ENABLE_PREVIEWS = YES;
				GENERATE_INFOPLIST_FILE = YES;
				INFOPLIST_FILE = Touchdown/Info.plist;
				INFOPLIST_KEY_UIApplicationSceneManifest_Generation = YES;
				INFOPLIST_KEY_UIApplicationSupportsIndirectInputEvents = YES;
				INFOPLIST_KEY_UISupportedInterfaceOrientations = UIInterfaceOrientationPortrait;
				INFOPLIST_KEY_UISupportedInterfaceOrientations_iPad = "UIInterfaceOrientationLandscapeLeft UIInterfaceOrientationLandscapeRight UIInterfaceOrientationPortrait UIInterfaceOrientationPortraitUpsideDown";
				INFOPLIST_KEY_UIUserInterfaceStyle = Light;
				LD_RUNPATH_SEARCH_PATHS = (
					"$(inherited)",
					"@executable_path/Frameworks",
				);
				MARKETING_VERSION = 1.0;
				PRODUCT_BUNDLE_IDENTIFIER = com.jonathanRicky.Touchdown;
				PRODUCT_NAME = "$(TARGET_NAME)";
				SWIFT_EMIT_LOC_STRINGS = YES;
				SWIFT_VERSION = 5.0;
				TARGETED_DEVICE_FAMILY = "1,2";
			};
			name = Release;
		};
/* End XCBuildConfiguration section */

/* Begin XCConfigurationList section */
		5127C1DA2B3C032B007FE188 /* Build configuration list for PBXProject "Touchdown" */ = {
			isa = XCConfigurationList;
			buildConfigurations = (
				5127C1EB2B3C032E007FE188 /* Debug */,
				5127C1EC2B3C032E007FE188 /* Release */,
			);
			defaultConfigurationIsVisible = 0;
			defaultConfigurationName = Release;
		};
		5127C1ED2B3C032E007FE188 /* Build configuration list for PBXNativeTarget "Touchdown" */ = {
			isa = XCConfigurationList;
			buildConfigurations = (
				5127C1EE2B3C032E007FE188 /* Debug */,
				5127C1EF2B3C032E007FE188 /* Release */,
			);
			defaultConfigurationIsVisible = 0;
			defaultConfigurationName = Release;
		};
/* End XCConfigurationList section */
	};
	rootObject = 5127C1D72B3C032B007FE188 /* Project object */;
}
